
Microsoft Visual Studio Solution File, Format Version 10.00
# Visual Studio 2008
Project("{FAE04EC0-301F-11D3-BF4B-00C04F79EFBC}") = "TestFO", "TestFO\TestFO.csproj", "{01DCD5FD-5850-4F34-B424-43F368B785A2}"
EndProject
Project("{FAE04EC0-301F-11D3-BF4B-00C04F79EFBC}") = "FastORM", "FastORM\FastORM.csproj", "{18043127-4480-42CA-874B-F598D78CF2F5}"
EndProject
Global
	GlobalSection(SolutionConfigurationPlatforms) = preSolution
		Debug|Any CPU = Debug|Any CPU
		Release|Any CPU = Release|Any CPU
	EndGlobalSection
	GlobalSection(ProjectConfigurationPlatforms) = postSolution
		{01DCD5FD-5850-4F34-B424-43F368B785A2}.Debug|Any CPU.ActiveCfg = Debug|Any CPU
		{01DCD5FD-5850-4F34-B424-43F368B785A2}.Debug|Any CPU.Build.0 = Debug|Any CPU
		{01DCD5FD-5850-4F34-B424-43F368B785A2}.Release|Any CPU.ActiveCfg = Release|Any CPU
		{01DCD5FD-5850-4F34-B424-43F368B785A2}.Release|Any CPU.Build.0 = Release|Any CPU
		{18043127-4480-42CA-874B-F598D78CF2F5}.Debug|Any CPU.ActiveCfg = Debug|Any CPU
		{18043127-4480-42CA-874B-F598D78CF2F5}.Debug|Any CPU.Build.0 = Debug|Any CPU
		{18043127-4480-42CA-874B-F598D78CF2F5}.Release|Any CPU.ActiveCfg = Release|Any CPU
		{18043127-4480-42CA-874B-F598D78CF2F5}.Release|Any CPU.Build.0 = Release|Any CPU
	EndGlobalSection
	GlobalSection(SolutionProperties) = preSolution
		HideSolutionNode = FALSE
	EndGlobalSection
EndGlobal
